
Microsoft Visual Studio Solution File, Format Version 12.00
Project("{FAE04EC0-301F-11D3-BF4B-00C04F79EFBC}") = "SnowboardShop.Api", "SnowboardShop.Api\SnowboardShop.Api.csproj", "{9C483398-5396-4581-BAD9-501A07ED2EC6}"
EndProject
Project("{FAE04EC0-301F-11D3-BF4B-00C04F79EFBC}") = "SnowboardShop.Application", "SnowboardShop.Application\SnowboardShop.Application.csproj", "{8C013820-7C63-4750-8679-30FC5A87C31F}"
EndProject
Project("{FAE04EC0-301F-11D3-BF4B-00C04F79EFBC}") = "SnowboardShop.Contracts", "SnowboardShop.Contracts\SnowboardShop.Contracts.csproj", "{031802E7-745D-47AB-9F69-02D6F8497B70}"
EndProject
Project("{2150E333-8FDC-42A3-9474-1A3956D46DE8}") = "Deployments", "Deployments", "{C17BCFFA-E402-443B-A092-2F73E381CDA7}"
	ProjectSection(SolutionItems) = preProject
		docker-compose.yml = docker-compose.yml
	EndProjectSection
EndProject
Project("{2150E333-8FDC-42A3-9474-1A3956D46DE8}") = "Helpers", "Helpers", "{BC184E43-AADD-4F57-92F6-C45FFA576EF2}"
	ProjectSection(SolutionItems) = preProject
		Helpers\snowboard_testdata.json = Helpers\snowboard_testdata.json
	EndProjectSection
EndProject
Project("{FAE04EC0-301F-11D3-BF4B-00C04F79EFBC}") = "Identity.Api", "Helpers\Identity.Api\Identity.Api.csproj", "{559F6644-DCA1-4C23-A994-959638D2B027}"
EndProject
Project("{2150E333-8FDC-42A3-9474-1A3956D46DE8}") = "Tests", "Tests", "{1F93A97B-36D7-4FEA-954B-58AF34A628CB}"
EndProject
Project("{FAE04EC0-301F-11D3-BF4B-00C04F79EFBC}") = "SnowboardShop.Api.Tests.Integration", "Tests\SnowboardShop.Api.Tests.Integration\SnowboardShop.Api.Tests.Integration.csproj", "{97181C90-452F-4BA8-880D-564FDDDA6FAE}"
EndProject
Project("{2150E333-8FDC-42A3-9474-1A3956D46DE8}") = "Documentation", "Documentation", "{05DFCEE5-C4D6-495D-A138-93F50508E73C}"
	ProjectSection(SolutionItems) = preProject
		README.md = README.md
	EndProjectSection
EndProject
Project("{2150E333-8FDC-42A3-9474-1A3956D46DE8}") = "AuthenticationHelper", "AuthenticationHelper", "{9DAF9D2A-5C7B-4974-9069-77658B232916}"
EndProject
Project("{2150E333-8FDC-42A3-9474-1A3956D46DE8}") = "PostmanCollection", "PostmanCollection", "{AF58EC90-56D4-4FA0-9B91-B35AA1B4FE16}"
	ProjectSection(SolutionItems) = preProject
		Helpers\SnowboardShopApi.postman_collection.json = Helpers\SnowboardShopApi.postman_collection.json
	EndProjectSection
EndProject
Global
	GlobalSection(SolutionConfigurationPlatforms) = preSolution
		Debug|Any CPU = Debug|Any CPU
		Release|Any CPU = Release|Any CPU
	EndGlobalSection
	GlobalSection(ProjectConfigurationPlatforms) = postSolution
		{9C483398-5396-4581-BAD9-501A07ED2EC6}.Debug|Any CPU.ActiveCfg = Debug|Any CPU
		{9C483398-5396-4581-BAD9-501A07ED2EC6}.Debug|Any CPU.Build.0 = Debug|Any CPU
		{9C483398-5396-4581-BAD9-501A07ED2EC6}.Release|Any CPU.ActiveCfg = Release|Any CPU
		{9C483398-5396-4581-BAD9-501A07ED2EC6}.Release|Any CPU.Build.0 = Release|Any CPU
		{8C013820-7C63-4750-8679-30FC5A87C31F}.Debug|Any CPU.ActiveCfg = Debug|Any CPU
		{8C013820-7C63-4750-8679-30FC5A87C31F}.Debug|Any CPU.Build.0 = Debug|Any CPU
		{8C013820-7C63-4750-8679-30FC5A87C31F}.Release|Any CPU.ActiveCfg = Release|Any CPU
		{8C013820-7C63-4750-8679-30FC5A87C31F}.Release|Any CPU.Build.0 = Release|Any CPU
		{031802E7-745D-47AB-9F69-02D6F8497B70}.Debug|Any CPU.ActiveCfg = Debug|Any CPU
		{031802E7-745D-47AB-9F69-02D6F8497B70}.Debug|Any CPU.Build.0 = Debug|Any CPU
		{031802E7-745D-47AB-9F69-02D6F8497B70}.Release|Any CPU.ActiveCfg = Release|Any CPU
		{031802E7-745D-47AB-9F69-02D6F8497B70}.Release|Any CPU.Build.0 = Release|Any CPU
		{559F6644-DCA1-4C23-A994-959638D2B027}.Debug|Any CPU.ActiveCfg = Debug|Any CPU
		{559F6644-DCA1-4C23-A994-959638D2B027}.Debug|Any CPU.Build.0 = Debug|Any CPU
		{559F6644-DCA1-4C23-A994-959638D2B027}.Release|Any CPU.ActiveCfg = Release|Any CPU
		{559F6644-DCA1-4C23-A994-959638D2B027}.Release|Any CPU.Build.0 = Release|Any CPU
		{97181C90-452F-4BA8-880D-564FDDDA6FAE}.Debug|Any CPU.ActiveCfg = Debug|Any CPU
		{97181C90-452F-4BA8-880D-564FDDDA6FAE}.Debug|Any CPU.Build.0 = Debug|Any CPU
		{97181C90-452F-4BA8-880D-564FDDDA6FAE}.Release|Any CPU.ActiveCfg = Release|Any CPU
		{97181C90-452F-4BA8-880D-564FDDDA6FAE}.Release|Any CPU.Build.0 = Release|Any CPU
	EndGlobalSection
	GlobalSection(NestedProjects) = preSolution
		{97181C90-452F-4BA8-880D-564FDDDA6FAE} = {1F93A97B-36D7-4FEA-954B-58AF34A628CB}
		{9DAF9D2A-5C7B-4974-9069-77658B232916} = {BC184E43-AADD-4F57-92F6-C45FFA576EF2}
		{AF58EC90-56D4-4FA0-9B91-B35AA1B4FE16} = {BC184E43-AADD-4F57-92F6-C45FFA576EF2}
		{559F6644-DCA1-4C23-A994-959638D2B027} = {9DAF9D2A-5C7B-4974-9069-77658B232916}
	EndGlobalSection
EndGlobal
